{
  "name": "dta-osmose-crm",
  "lockfileVersion": 3,
  "requires": true,
  "packages": {
    "": {
      "dependencies": {
        "date-fns": "^4.1.0",
        "moment": "^2.30.1",
        "react-day-picker": "^9.7.0",
        "react-to-print": "^3.0.5"
      }
    },
    "node_modules/@date-fns/tz": {
      "version": "1.2.0",
      "resolved": "https://registry.npmjs.org/@date-fns/tz/-/tz-1.2.0.tgz",
      "integrity": "sha512-LBrd7MiJZ9McsOgxqWX7AaxrDjcFVjWH/tIKJd7pnR7McaslGYOP1QmmiBXdJH/H/yLCT+rcQ7FaPBUxRGUtrg=="
    },
    "node_modules/date-fns": {
      "version": "4.1.0",
      "resolved": "https://registry.npmjs.org/date-fns/-/date-fns-4.1.0.tgz",
      "integrity": "sha512-Ukq0owbQXxa/U3EGtsdVBkR1w7KOQ5gIBqdH2hkvknzZPYvBxb/aa6E8L7tmjFtkwZBu3UXBbjIgPo/Ez4xaNg==",
      "funding": {
        "type": "github",
        "url": "https://github.com/sponsors/kossnocorp"
      }
    },
    "node_modules/date-fns-jalali": {
      "version": "4.1.0-0",
      "resolved": "https://registry.npmjs.org/date-fns-jalali/-/date-fns-jalali-4.1.0-0.tgz",
      "integrity": "sha512-hTIP/z+t+qKwBDcmmsnmjWTduxCg+5KfdqWQvb2X/8C9+knYY6epN/pfxdDuyVlSVeFz0sM5eEfwIUQ70U4ckg=="
    },
    "node_modules/moment": {
      "version": "2.30.1",
      "resolved": "https://registry.npmjs.org/moment/-/moment-2.30.1.tgz",
      "integrity": "sha512-uEmtNhbDOrWPFS+hdjFCBfy9f2YoyzRpwcl+DqpC6taX21FzsTLQVbMV/W7PzNSX6x/bhC1zA3c2UQ5NzH6how==",
      "engines": {
        "node": "*"
      }
    },
    "node_modules/react": {
      "version": "19.1.0",
      "resolved": "https://registry.npmjs.org/react/-/react-19.1.0.tgz",
      "integrity": "sha512-FS+XFBNvn3GTAWq26joslQgWNoFu08F4kl0J4CgdNKADkdSGXQyTCnKteIAJy96Br6YbpEU1LSzV5dYtjMkMDg==",
      "peer": true,
      "engines": {
        "node": ">=0.10.0"
      }
    },
    "node_modules/react-day-picker": {
      "version": "9.7.0",
      "resolved": "https://registry.npmjs.org/react-day-picker/-/react-day-picker-9.7.0.tgz",
      "integrity": "sha512-urlK4C9XJZVpQ81tmVgd2O7lZ0VQldZeHzNejbwLWZSkzHH498KnArT0EHNfKBOWwKc935iMLGZdxXPRISzUxQ==",
      "dependencies": {
        "@date-fns/tz": "1.2.0",
        "date-fns": "4.1.0",
        "date-fns-jalali": "4.1.0-0"
      },
      "engines": {
        "node": ">=18"
      },
      "funding": {
        "type": "individual",
        "url": "https://github.com/sponsors/gpbl"
      },
      "peerDependencies": {
        "react": ">=16.8.0"
      }
    },
    "node_modules/react-to-print": {
      "version": "3.0.5",
      "resolved": "https://registry.npmjs.org/react-to-print/-/react-to-print-3.0.5.tgz",
      "integrity": "sha512-Z15MwMOzYCHWi26CZeFNwflAg7Nr8uWD6FTj+EkfIOjYyjr0MXGbI0c7rF4Fgrbj3XG9hFndb1ourxpPz2RAiA==",
      "peerDependencies": {
        "react": "^16.8.0 || ^17.0.0 || ^18.0.0 || ~19"
      }
    }
  }
}
